Microsoft Visual Studio Solution File, Format Version 12.00
# Visual Studio Version 17
VisualStudioVersion = 17.5.2.0
MinimumVisualStudioVersion = 10.0.40219.1
Project("{2150E333-8FDC-42A3-9474-1A3956D46DE8}") = "HelloWorldGraphQL", "HelloWorldGraphQL", "{082B5D81-992B-2DB1-0561-5109954C02FE}"
EndProject
Project("{FAE04EC0-301F-11D3-BF4B-00C04F79EFBC}") = "HelloWorldApi", "HelloWorldGraphQL\HelloWorldApi\HelloWorldApi.csproj", "{4C99875E-EF67-74A8-8774-B2B7CD6A21C7}"
EndProject
Global
	GlobalSection(SolutionConfigurationPlatforms) = preSolution
		Debug|Any CPU = Debug|Any CPU
		Release|Any CPU = Release|Any CPU
	EndGlobalSection
	GlobalSection(ProjectConfigurationPlatforms) = postSolution
		{4C99875E-EF67-74A8-8774-B2B7CD6A21C7}.Debug|Any CPU.ActiveCfg = Debug|Any CPU
		{4C99875E-EF67-74A8-8774-B2B7CD6A21C7}.Debug|Any CPU.Build.0 = Debug|Any CPU
		{4C99875E-EF67-74A8-8774-B2B7CD6A21C7}.Release|Any CPU.ActiveCfg = Release|Any CPU
		{4C99875E-EF67-74A8-8774-B2B7CD6A21C7}.Release|Any CPU.Build.0 = Release|Any CPU
	EndGlobalSection
	GlobalSection(SolutionProperties) = preSolution
		HideSolutionNode = FALSE
	EndGlobalSection
	GlobalSection(NestedProjects) = preSolution
		{4C99875E-EF67-74A8-8774-B2B7CD6A21C7} = {082B5D81-992B-2DB1-0561-5109954C02FE}
	EndGlobalSection
	GlobalSection(ExtensibilityGlobals) = postSolution
		SolutionGuid = {3AB2C17D-B424-48AC-B001-8AEFA22CCE58}
	EndGlobalSection
EndGlobal
